
Microsoft Visual Studio Solution File, Format Version 12.00
# Visual Studio 2012
Project("{FAE04EC0-301F-11D3-BF4B-00C04F79EFBC}") = "CarSpec7", "CarSpec7\CarSpec7.csproj", "{45087319-E14E-46E3-83C3-89DB91AE90E5}"
EndProject
Project("{FAE04EC0-301F-11D3-BF4B-00C04F79EFBC}") = "CarSpec7.iOS", "CarSpec7.iOS\CarSpec7.iOS.csproj", "{2B3020A7-9A7C-46E5-9B3E-A860CA641475}"
EndProject
Project("{FAE04EC0-301F-11D3-BF4B-00C04F79EFBC}") = "CarSpec7.Droid", "CarSpec7.Droid\CarSpec7.Droid.csproj", "{63596499-9661-45D3-950E-AB3FD006F662}"
EndProject
Global
	GlobalSection(SolutionConfigurationPlatforms) = preSolution
		Debug|Any CPU = Debug|Any CPU
		Release|Any CPU = Release|Any CPU
		Debug|iPhoneSimulator = Debug|iPhoneSimulator
		Release|iPhone = Release|iPhone
		Release|iPhoneSimulator = Release|iPhoneSimulator
		Debug|iPhone = Debug|iPhone
	EndGlobalSection
	GlobalSection(ProjectConfigurationPlatforms) = postSolution
		{45087319-E14E-46E3-83C3-89DB91AE90E5}.Debug|Any CPU.ActiveCfg = Debug|Any CPU
		{45087319-E14E-46E3-83C3-89DB91AE90E5}.Debug|Any CPU.Build.0 = Debug|Any CPU
		{45087319-E14E-46E3-83C3-89DB91AE90E5}.Release|Any CPU.ActiveCfg = Release|Any CPU
		{45087319-E14E-46E3-83C3-89DB91AE90E5}.Release|Any CPU.Build.0 = Release|Any CPU
		{45087319-E14E-46E3-83C3-89DB91AE90E5}.Debug|iPhoneSimulator.ActiveCfg = Debug|Any CPU
		{45087319-E14E-46E3-83C3-89DB91AE90E5}.Debug|iPhoneSimulator.Build.0 = Debug|Any CPU
		{45087319-E14E-46E3-83C3-89DB91AE90E5}.Release|iPhone.ActiveCfg = Release|Any CPU
		{45087319-E14E-46E3-83C3-89DB91AE90E5}.Release|iPhone.Build.0 = Release|Any CPU
		{45087319-E14E-46E3-83C3-89DB91AE90E5}.Release|iPhoneSimulator.ActiveCfg = Release|Any CPU
		{45087319-E14E-46E3-83C3-89DB91AE90E5}.Release|iPhoneSimulator.Build.0 = Release|Any CPU
		{45087319-E14E-46E3-83C3-89DB91AE90E5}.Debug|iPhone.ActiveCfg = Debug|Any CPU
		{45087319-E14E-46E3-83C3-89DB91AE90E5}.Debug|iPhone.Build.0 = Debug|Any CPU
		{2B3020A7-9A7C-46E5-9B3E-A860CA641475}.Debug|Any CPU.ActiveCfg = Debug|iPhoneSimulator
		{2B3020A7-9A7C-46E5-9B3E-A860CA641475}.Debug|Any CPU.Build.0 = Debug|iPhoneSimulator
		{2B3020A7-9A7C-46E5-9B3E-A860CA641475}.Release|Any CPU.ActiveCfg = Release|iPhone
		{2B3020A7-9A7C-46E5-9B3E-A860CA641475}.Release|Any CPU.Build.0 = Release|iPhone
		{2B3020A7-9A7C-46E5-9B3E-A860CA641475}.Debug|iPhoneSimulator.ActiveCfg = Debug|iPhoneSimulator
		{2B3020A7-9A7C-46E5-9B3E-A860CA641475}.Debug|iPhoneSimulator.Build.0 = Debug|iPhoneSimulator
		{2B3020A7-9A7C-46E5-9B3E-A860CA641475}.Release|iPhone.ActiveCfg = Release|iPhone
		{2B3020A7-9A7C-46E5-9B3E-A860CA641475}.Release|iPhone.Build.0 = Release|iPhone
		{2B3020A7-9A7C-46E5-9B3E-A860CA641475}.Release|iPhoneSimulator.ActiveCfg = Release|iPhoneSimulator
		{2B3020A7-9A7C-46E5-9B3E-A860CA641475}.Release|iPhoneSimulator.Build.0 = Release|iPhoneSimulator
		{2B3020A7-9A7C-46E5-9B3E-A860CA641475}.Debug|iPhone.ActiveCfg = Debug|iPhone
		{2B3020A7-9A7C-46E5-9B3E-A860CA641475}.Debug|iPhone.Build.0 = Debug|iPhone
		{63596499-9661-45D3-950E-AB3FD006F662}.Debug|Any CPU.ActiveCfg = Debug|Any CPU
		{63596499-9661-45D3-950E-AB3FD006F662}.Debug|Any CPU.Build.0 = Debug|Any CPU
		{63596499-9661-45D3-950E-AB3FD006F662}.Release|Any CPU.ActiveCfg = Release|Any CPU
		{63596499-9661-45D3-950E-AB3FD006F662}.Release|Any CPU.Build.0 = Release|Any CPU
		{63596499-9661-45D3-950E-AB3FD006F662}.Debug|iPhoneSimulator.ActiveCfg = Debug|Any CPU
		{63596499-9661-45D3-950E-AB3FD006F662}.Debug|iPhoneSimulator.Build.0 = Debug|Any CPU
		{63596499-9661-45D3-950E-AB3FD006F662}.Release|iPhone.ActiveCfg = Release|Any CPU
		{63596499-9661-45D3-950E-AB3FD006F662}.Release|iPhone.Build.0 = Release|Any CPU
		{63596499-9661-45D3-950E-AB3FD006F662}.Release|iPhoneSimulator.ActiveCfg = Release|Any CPU
		{63596499-9661-45D3-950E-AB3FD006F662}.Release|iPhoneSimulator.Build.0 = Release|Any CPU
		{63596499-9661-45D3-950E-AB3FD006F662}.Debug|iPhone.ActiveCfg = Debug|Any CPU
		{63596499-9661-45D3-950E-AB3FD006F662}.Debug|iPhone.Build.0 = Debug|Any CPU
	EndGlobalSection
EndGlobal
